
Microsoft Visual Studio Solution File, Format Version 12.00
# Visual Studio Version 17
VisualStudioVersion = 17.3.32922.545
MinimumVisualStudioVersion = 10.0.40219.1
Project("{FAE04EC0-301F-11D3-BF4B-00C04F79EFBC}") = "Fotografias.Android", "Fotografias\Fotografias.Android\Fotografias.Android.csproj", "{526FC537-1E15-4F5D-8ACD-3383CEE67FE2}"
EndProject
Project("{FAE04EC0-301F-11D3-BF4B-00C04F79EFBC}") = "Fotografias", "Fotografias\Fotografias\Fotografias.csproj", "{7296E261-333C-4C02-9A59-4549156D87D8}"
EndProject
Global
	GlobalSection(SolutionConfigurationPlatforms) = preSolution
		Debug|Any CPU = Debug|Any CPU
		Release|Any CPU = Release|Any CPU
	EndGlobalSection
	GlobalSection(ProjectConfigurationPlatforms) = postSolution
		{526FC537-1E15-4F5D-8ACD-3383CEE67FE2}.Debug|Any CPU.ActiveCfg = Debug|Any CPU
		{526FC537-1E15-4F5D-8ACD-3383CEE67FE2}.Debug|Any CPU.Build.0 = Debug|Any CPU
		{526FC537-1E15-4F5D-8ACD-3383CEE67FE2}.Debug|Any CPU.Deploy.0 = Debug|Any CPU
		{526FC537-1E15-4F5D-8ACD-3383CEE67FE2}.Release|Any CPU.ActiveCfg = Release|Any CPU
		{526FC537-1E15-4F5D-8ACD-3383CEE67FE2}.Release|Any CPU.Build.0 = Release|Any CPU
		{526FC537-1E15-4F5D-8ACD-3383CEE67FE2}.Release|Any CPU.Deploy.0 = Release|Any CPU
		{7296E261-333C-4C02-9A59-4549156D87D8}.Debug|Any CPU.ActiveCfg = Debug|Any CPU
		{7296E261-333C-4C02-9A59-4549156D87D8}.Debug|Any CPU.Build.0 = Debug|Any CPU
		{7296E261-333C-4C02-9A59-4549156D87D8}.Debug|Any CPU.Deploy.0 = Debug|Any CPU
		{7296E261-333C-4C02-9A59-4549156D87D8}.Release|Any CPU.ActiveCfg = Release|Any CPU
		{7296E261-333C-4C02-9A59-4549156D87D8}.Release|Any CPU.Build.0 = Release|Any CPU
		{7296E261-333C-4C02-9A59-4549156D87D8}.Release|Any CPU.Deploy.0 = Release|Any CPU
	EndGlobalSection
	GlobalSection(SolutionProperties) = preSolution
		HideSolutionNode = FALSE
	EndGlobalSection
	GlobalSection(ExtensibilityGlobals) = postSolution
		SolutionGuid = {29AFE0A6-E3D0-41DE-A3E8-7B286668790D}
	EndGlobalSection
EndGlobal
